
Microsoft Visual Studio Solution File, Format Version 12.00
# Visual Studio 15
VisualStudioVersion = 15.0.26228.4
MinimumVisualStudioVersion = 10.0.40219.1
Project("{FAE04EC0-301F-11D3-BF4B-00C04F79EFBC}") = "TreeDemo", "TreeDemo\TreeDemo.csproj", "{03831523-F729-4796-985B-2BBF7146E357}"
EndProject
Project("{FAE04EC0-301F-11D3-BF4B-00C04F79EFBC}") = "ActiveCropZones", "ActiveCropZones\ActiveCropZones.csproj", "{9486D4B9-C019-4303-8116-0AC69FD454E8}"
EndProject
Global
	GlobalSection(SolutionConfigurationPlatforms) = preSolution
		Debug|Any CPU = Debug|Any CPU
		Release|Any CPU = Release|Any CPU
	EndGlobalSection
	GlobalSection(ProjectConfigurationPlatforms) = postSolution
		{03831523-F729-4796-985B-2BBF7146E357}.Debug|Any CPU.ActiveCfg = Debug|Any CPU
		{03831523-F729-4796-985B-2BBF7146E357}.Debug|Any CPU.Build.0 = Debug|Any CPU
		{03831523-F729-4796-985B-2BBF7146E357}.Release|Any CPU.ActiveCfg = Release|Any CPU
		{03831523-F729-4796-985B-2BBF7146E357}.Release|Any CPU.Build.0 = Release|Any CPU
		{9486D4B9-C019-4303-8116-0AC69FD454E8}.Debug|Any CPU.ActiveCfg = Debug|Any CPU
		{9486D4B9-C019-4303-8116-0AC69FD454E8}.Debug|Any CPU.Build.0 = Debug|Any CPU
		{9486D4B9-C019-4303-8116-0AC69FD454E8}.Release|Any CPU.ActiveCfg = Release|Any CPU
		{9486D4B9-C019-4303-8116-0AC69FD454E8}.Release|Any CPU.Build.0 = Release|Any CPU
	EndGlobalSection
	GlobalSection(SolutionProperties) = preSolution
		HideSolutionNode = FALSE
	EndGlobalSection
EndGlobal
